
Microsoft Visual Studio Solution File, Format Version 12.00
# Visual Studio 15
VisualStudioVersion = 15.0.27130.2010
MinimumVisualStudioVersion = 10.0.40219.1
Project("{FAE04EC0-301F-11D3-BF4B-00C04F79EFBC}") = "ColorPicker.Android", "ColorPicker\ColorPicker.Android\ColorPicker.Android.csproj", "{0BD3A13A-B61E-4E6A-B8F7-C0F884B7EF03}"
EndProject
Project("{FAE04EC0-301F-11D3-BF4B-00C04F79EFBC}") = "ColorPicker.iOS", "ColorPicker\ColorPicker.iOS\ColorPicker.iOS.csproj", "{649B9733-3A67-41EC-81EA-96A6EA233712}"
EndProject
Project("{FAE04EC0-301F-11D3-BF4B-00C04F79EFBC}") = "ColorPicker.UWP", "ColorPicker\ColorPicker.UWP\ColorPicker.UWP.csproj", "{1F0BFFE7-DD89-45C6-B821-287FCF6A5F4A}"
EndProject
Project("{FAE04EC0-301F-11D3-BF4B-00C04F79EFBC}") = "ColorPicker", "ColorPicker\ColorPicker\ColorPicker.csproj", "{F306DF0A-1D2A-4ECF-A6FF-92C047BC2D2D}"
EndProject
Global
	GlobalSection(SolutionConfigurationPlatforms) = preSolution
		Ad-Hoc|Any CPU = Ad-Hoc|Any CPU
		Ad-Hoc|ARM = Ad-Hoc|ARM
		Ad-Hoc|iPhone = Ad-Hoc|iPhone
		Ad-Hoc|iPhoneSimulator = Ad-Hoc|iPhoneSimulator
		Ad-Hoc|x64 = Ad-Hoc|x64
		Ad-Hoc|x86 = Ad-Hoc|x86
		AppStore|Any CPU = AppStore|Any CPU
		AppStore|ARM = AppStore|ARM
		AppStore|iPhone = AppStore|iPhone
		AppStore|iPhoneSimulator = AppStore|iPhoneSimulator
		AppStore|x64 = AppStore|x64
		AppStore|x86 = AppStore|x86
		Debug|Any CPU = Debug|Any CPU
		Debug|ARM = Debug|ARM
		Debug|iPhone = Debug|iPhone
		Debug|iPhoneSimulator = Debug|iPhoneSimulator
		Debug|x64 = Debug|x64
		Debug|x86 = Debug|x86
		Release|Any CPU = Release|Any CPU
		Release|ARM = Release|ARM
		Release|iPhone = Release|iPhone
		Release|iPhoneSimulator = Release|iPhoneSimulator
		Release|x64 = Release|x64
		Release|x86 = Release|x86
	EndGlobalSection
	GlobalSection(ProjectConfigurationPlatforms) = postSolution
		{0BD3A13A-B61E-4E6A-B8F7-C0F884B7EF03}.Ad-Hoc|Any CPU.ActiveCfg = Release|Any CPU
		{0BD3A13A-B61E-4E6A-B8F7-C0F884B7EF03}.Ad-Hoc|Any CPU.Build.0 = Release|Any CPU
		{0BD3A13A-B61E-4E6A-B8F7-C0F884B7EF03}.Ad-Hoc|Any CPU.Deploy.0 = Release|Any CPU
		{0BD3A13A-B61E-4E6A-B8F7-C0F884B7EF03}.Ad-Hoc|ARM.ActiveCfg = Release|Any CPU
		{0BD3A13A-B61E-4E6A-B8F7-C0F884B7EF03}.Ad-Hoc|ARM.Build.0 = Release|Any CPU
		{0BD3A13A-B61E-4E6A-B8F7-C0F884B7EF03}.Ad-Hoc|ARM.Deploy.0 = Release|Any CPU
		{0BD3A13A-B61E-4E6A-B8F7-C0F884B7EF03}.Ad-Hoc|iPhone.ActiveCfg = Release|Any CPU
		{0BD3A13A-B61E-4E6A-B8F7-C0F884B7EF03}.Ad-Hoc|iPhone.Build.0 = Release|Any CPU
		{0BD3A13A-B61E-4E6A-B8F7-C0F884B7EF03}.Ad-Hoc|iPhone.Deploy.0 = Release|Any CPU
		{0BD3A13A-B61E-4E6A-B8F7-C0F884B7EF03}.Ad-Hoc|iPhoneSimulator.ActiveCfg = Release|Any CPU
		{0BD3A13A-B61E-4E6A-B8F7-C0F884B7EF03}.Ad-Hoc|iPhoneSimulator.Build.0 = Release|Any CPU
		{0BD3A13A-B61E-4E6A-B8F7-C0F884B7EF03}.Ad-Hoc|iPhoneSimulator.Deploy.0 = Release|Any CPU
		{0BD3A13A-B61E-4E6A-B8F7-C0F884B7EF03}.Ad-Hoc|x64.ActiveCfg = Release|Any CPU
		{0BD3A13A-B61E-4E6A-B8F7-C0F884B7EF03}.Ad-Hoc|x64.Build.0 = Release|Any CPU
		{0BD3A13A-B61E-4E6A-B8F7-C0F884B7EF03}.Ad-Hoc|x64.Deploy.0 = Release|Any CPU
		{0BD3A13A-B61E-4E6A-B8F7-C0F884B7EF03}.Ad-Hoc|x86.ActiveCfg = Release|Any CPU
		{0BD3A13A-B61E-4E6A-B8F7-C0F884B7EF03}.Ad-Hoc|x86.Build.0 = Release|Any CPU
		{0BD3A13A-B61E-4E6A-B8F7-C0F884B7EF03}.Ad-Hoc|x86.Deploy.0 = Release|Any CPU
		{0BD3A13A-B61E-4E6A-B8F7-C0F884B7EF03}.AppStore|Any CPU.ActiveCfg = Release|Any CPU
		{0BD3A13A-B61E-4E6A-B8F7-C0F884B7EF03}.AppStore|Any CPU.Build.0 = Release|Any CPU
		{0BD3A13A-B61E-4E6A-B8F7-C0F884B7EF03}.AppStore|Any CPU.Deploy.0 = Release|Any CPU
		{0BD3A13A-B61E-4E6A-B8F7-C0F884B7EF03}.AppStore|ARM.ActiveCfg = Release|Any CPU
		{0BD3A13A-B61E-4E6A-B8F7-C0F884B7EF03}.AppStore|ARM.Build.0 = Release|Any CPU
		{0BD3A13A-B61E-4E6A-B8F7-C0F884B7EF03}.AppStore|ARM.Deploy.0 = Release|Any CPU
		{0BD3A13A-B61E-4E6A-B8F7-C0F884B7EF03}.AppStore|iPhone.ActiveCfg = Release|Any CPU
		{0BD3A13A-B61E-4E6A-B8F7-C0F884B7EF03}.AppStore|iPhone.Build.0 = Release|Any CPU
		{0BD3A13A-B61E-4E6A-B8F7-C0F884B7EF03}.AppStore|iPhone.Deploy.0 = Release|Any CPU
		{0BD3A13A-B61E-4E6A-B8F7-C0F884B7EF03}.AppStore|iPhoneSimulator.ActiveCfg = Release|Any CPU
		{0BD3A13A-B61E-4E6A-B8F7-C0F884B7EF03}.AppStore|iPhoneSimulator.Build.0 = Release|Any CPU
		{0BD3A13A-B61E-4E6A-B8F7-C0F884B7EF03}.AppStore|iPhoneSimulator.Deploy.0 = Release|Any CPU
		{0BD3A13A-B61E-4E6A-B8F7-C0F884B7EF03}.AppStore|x64.ActiveCfg = Release|Any CPU
		{0BD3A13A-B61E-4E6A-B8F7-C0F884B7EF03}.AppStore|x64.Build.0 = Release|Any CPU
		{0BD3A13A-B61E-4E6A-B8F7-C0F884B7EF03}.AppStore|x64.Deploy.0 = Release|Any CPU
		{0BD3A13A-B61E-4E6A-B8F7-C0F884B7EF03}.AppStore|x86.ActiveCfg = Release|Any CPU
		{0BD3A13A-B61E-4E6A-B8F7-C0F884B7EF03}.AppStore|x86.Build.0 = Release|Any CPU
		{0BD3A13A-B61E-4E6A-B8F7-C0F884B7EF03}.AppStore|x86.Deploy.0 = Release|Any CPU
		{0BD3A13A-B61E-4E6A-B8F7-C0F884B7EF03}.Debug|Any CPU.ActiveCfg = Debug|Any CPU
		{0BD3A13A-B61E-4E6A-B8F7-C0F884B7EF03}.Debug|Any CPU.Build.0 = Debug|Any CPU
		{0BD3A13A-B61E-4E6A-B8F7-C0F884B7EF03}.Debug|Any CPU.Deploy.0 = Debug|Any CPU
		{0BD3A13A-B61E-4E6A-B8F7-C0F884B7EF03}.Debug|ARM.ActiveCfg = Debug|Any CPU
		{0BD3A13A-B61E-4E6A-B8F7-C0F884B7EF03}.Debug|ARM.Build.0 = Debug|Any CPU
		{0BD3A13A-B61E-4E6A-B8F7-C0F884B7EF03}.Debug|ARM.Deploy.0 = Debug|Any CPU
		{0BD3A13A-B61E-4E6A-B8F7-C0F884B7EF03}.Debug|iPhone.ActiveCfg = Debug|Any CPU
		{0BD3A13A-B61E-4E6A-B8F7-C0F884B7EF03}.Debug|iPhone.Build.0 = Debug|Any CPU
		{0BD3A13A-B61E-4E6A-B8F7-C0F884B7EF03}.Debug|iPhone.Deploy.0 = Debug|Any CPU
		{0BD3A13A-B61E-4E6A-B8F7-C0F884B7EF03}.Debug|iPhoneSimulator.ActiveCfg = Debug|Any CPU
		{0BD3A13A-B61E-4E6A-B8F7-C0F884B7EF03}.Debug|iPhoneSimulator.Build.0 = Debug|Any CPU
		{0BD3A13A-B61E-4E6A-B8F7-C0F884B7EF03}.Debug|iPhoneSimulator.Deploy.0 = Debug|Any CPU
		{0BD3A13A-B61E-4E6A-B8F7-C0F884B7EF03}.Debug|x64.ActiveCfg = Debug|Any CPU
		{0BD3A13A-B61E-4E6A-B8F7-C0F884B7EF03}.Debug|x64.Build.0 = Debug|Any CPU
		{0BD3A13A-B61E-4E6A-B8F7-C0F884B7EF03}.Debug|x64.Deploy.0 = Debug|Any CPU
		{0BD3A13A-B61E-4E6A-B8F7-C0F884B7EF03}.Debug|x86.ActiveCfg = Debug|Any CPU
		{0BD3A13A-B61E-4E6A-B8F7-C0F884B7EF03}.Debug|x86.Build.0 = Debug|Any CPU
		{0BD3A13A-B61E-4E6A-B8F7-C0F884B7EF03}.Debug|x86.Deploy.0 = Debug|Any CPU
		{0BD3A13A-B61E-4E6A-B8F7-C0F884B7EF03}.Release|Any CPU.ActiveCfg = Release|Any CPU
		{0BD3A13A-B61E-4E6A-B8F7-C0F884B7EF03}.Release|Any CPU.Build.0 = Release|Any CPU
		{0BD3A13A-B61E-4E6A-B8F7-C0F884B7EF03}.Release|Any CPU.Deploy.0 = Release|Any CPU
		{0BD3A13A-B61E-4E6A-B8F7-C0F884B7EF03}.Release|ARM.ActiveCfg = Release|Any CPU
		{0BD3A13A-B61E-4E6A-B8F7-C0F884B7EF03}.Release|ARM.Build.0 = Release|Any CPU
		{0BD3A13A-B61E-4E6A-B8F7-C0F884B7EF03}.Release|ARM.Deploy.0 = Release|Any CPU
		{0BD3A13A-B61E-4E6A-B8F7-C0F884B7EF03}.Release|iPhone.ActiveCfg = Release|Any CPU
		{0BD3A13A-B61E-4E6A-B8F7-C0F884B7EF03}.Release|iPhone.Build.0 = Release|Any CPU
		{0BD3A13A-B61E-4E6A-B8F7-C0F884B7EF03}.Release|iPhone.Deploy.0 = Release|Any CPU
		{0BD3A13A-B61E-4E6A-B8F7-C0F884B7EF03}.Release|iPhoneSimulator.ActiveCfg = Release|Any CPU
		{0BD3A13A-B61E-4E6A-B8F7-C0F884B7EF03}.Release|iPhoneSimulator.Build.0 = Release|Any CPU
		{0BD3A13A-B61E-4E6A-B8F7-C0F884B7EF03}.Release|iPhoneSimulator.Deploy.0 = Release|Any CPU
		{0BD3A13A-B61E-4E6A-B8F7-C0F884B7EF03}.Release|x64.ActiveCfg = Release|Any CPU
		{0BD3A13A-B61E-4E6A-B8F7-C0F884B7EF03}.Release|x64.Build.0 = Release|Any CPU
		{0BD3A13A-B61E-4E6A-B8F7-C0F884B7EF03}.Release|x64.Deploy.0 = Release|Any CPU
		{0BD3A13A-B61E-4E6A-B8F7-C0F884B7EF03}.Release|x86.ActiveCfg = Release|Any CPU
		{0BD3A13A-B61E-4E6A-B8F7-C0F884B7EF03}.Release|x86.Build.0 = Release|Any CPU
		{0BD3A13A-B61E-4E6A-B8F7-C0F884B7EF03}.Release|x86.Deploy.0 = Release|Any CPU
		{649B9733-3A67-41EC-81EA-96A6EA233712}.Ad-Hoc|Any CPU.ActiveCfg = Ad-Hoc|iPhone
		{649B9733-3A67-41EC-81EA-96A6EA233712}.Ad-Hoc|ARM.ActiveCfg = Ad-Hoc|iPhone
		{649B9733-3A67-41EC-81EA-96A6EA233712}.Ad-Hoc|iPhone.ActiveCfg = Ad-Hoc|iPhone
		{649B9733-3A67-41EC-81EA-96A6EA233712}.Ad-Hoc|iPhone.Build.0 = Ad-Hoc|iPhone
		{649B9733-3A67-41EC-81EA-96A6EA233712}.Ad-Hoc|iPhoneSimulator.ActiveCfg = Ad-Hoc|iPhoneSimulator
		{649B9733-3A67-41EC-81EA-96A6EA233712}.Ad-Hoc|iPhoneSimulator.Build.0 = Ad-Hoc|iPhoneSimulator
		{649B9733-3A67-41EC-81EA-96A6EA233712}.Ad-Hoc|x64.ActiveCfg = Ad-Hoc|iPhone
		{649B9733-3A67-41EC-81EA-96A6EA233712}.Ad-Hoc|x86.ActiveCfg = Ad-Hoc|iPhone
		{649B9733-3A67-41EC-81EA-96A6EA233712}.AppStore|Any CPU.ActiveCfg = AppStore|iPhone
		{649B9733-3A67-41EC-81EA-96A6EA233712}.AppStore|ARM.ActiveCfg = AppStore|iPhone
		{649B9733-3A67-41EC-81EA-96A6EA233712}.AppStore|iPhone.ActiveCfg = AppStore|iPhone
		{649B9733-3A67-41EC-81EA-96A6EA233712}.AppStore|iPhone.Build.0 = AppStore|iPhone
		{649B9733-3A67-41EC-81EA-96A6EA233712}.AppStore|iPhoneSimulator.ActiveCfg = AppStore|iPhoneSimulator
		{649B9733-3A67-41EC-81EA-96A6EA233712}.AppStore|iPhoneSimulator.Build.0 = AppStore|iPhoneSimulator
		{649B9733-3A67-41EC-81EA-96A6EA233712}.AppStore|x64.ActiveCfg = AppStore|iPhone
		{649B9733-3A67-41EC-81EA-96A6EA233712}.AppStore|x86.ActiveCfg = AppStore|iPhone
		{649B9733-3A67-41EC-81EA-96A6EA233712}.Debug|Any CPU.ActiveCfg = Debug|iPhone
		{649B9733-3A67-41EC-81EA-96A6EA233712}.Debug|ARM.ActiveCfg = Debug|iPhone
		{649B9733-3A67-41EC-81EA-96A6EA233712}.Debug|iPhone.ActiveCfg = Debug|iPhone
		{649B9733-3A67-41EC-81EA-96A6EA233712}.Debug|iPhone.Build.0 = Debug|iPhone
		{649B9733-3A67-41EC-81EA-96A6EA233712}.Debug|iPhoneSimulator.ActiveCfg = Debug|iPhoneSimulator
		{649B9733-3A67-41EC-81EA-96A6EA233712}.Debug|iPhoneSimulator.Build.0 = Debug|iPhoneSimulator
		{649B9733-3A67-41EC-81EA-96A6EA233712}.Debug|x64.ActiveCfg = Debug|iPhone
		{649B9733-3A67-41EC-81EA-96A6EA233712}.Debug|x86.ActiveCfg = Debug|iPhone
		{649B9733-3A67-41EC-81EA-96A6EA233712}.Release|Any CPU.ActiveCfg = Release|iPhone
		{649B9733-3A67-41EC-81EA-96A6EA233712}.Release|ARM.ActiveCfg = Release|iPhone
		{649B9733-3A67-41EC-81EA-96A6EA233712}.Release|iPhone.ActiveCfg = Release|iPhone
		{649B9733-3A67-41EC-81EA-96A6EA233712}.Release|iPhone.Build.0 = Release|iPhone
		{649B9733-3A67-41EC-81EA-96A6EA233712}.Release|iPhoneSimulator.ActiveCfg = Release|iPhoneSimulator
		{649B9733-3A67-41EC-81EA-96A6EA233712}.Release|iPhoneSimulator.Build.0 = Release|iPhoneSimulator
		{649B9733-3A67-41EC-81EA-96A6EA233712}.Release|x64.ActiveCfg = Release|iPhone
		{649B9733-3A67-41EC-81EA-96A6EA233712}.Release|x86.ActiveCfg = Release|iPhone
		{1F0BFFE7-DD89-45C6-B821-287FCF6A5F4A}.Ad-Hoc|Any CPU.ActiveCfg = Release|x86
		{1F0BFFE7-DD89-45C6-B821-287FCF6A5F4A}.Ad-Hoc|Any CPU.Build.0 = Release|x86
		{1F0BFFE7-DD89-45C6-B821-287FCF6A5F4A}.Ad-Hoc|Any CPU.Deploy.0 = Release|x86
		{1F0BFFE7-DD89-45C6-B821-287FCF6A5F4A}.Ad-Hoc|ARM.ActiveCfg = Release|ARM
		{1F0BFFE7-DD89-45C6-B821-287FCF6A5F4A}.Ad-Hoc|ARM.Build.0 = Release|ARM
		{1F0BFFE7-DD89-45C6-B821-287FCF6A5F4A}.Ad-Hoc|ARM.Deploy.0 = Release|ARM
		{1F0BFFE7-DD89-45C6-B821-287FCF6A5F4A}.Ad-Hoc|iPhone.ActiveCfg = Release|x86
		{1F0BFFE7-DD89-45C6-B821-287FCF6A5F4A}.Ad-Hoc|iPhone.Build.0 = Release|x86
		{1F0BFFE7-DD89-45C6-B821-287FCF6A5F4A}.Ad-Hoc|iPhone.Deploy.0 = Release|x86
		{1F0BFFE7-DD89-45C6-B821-287FCF6A5F4A}.Ad-Hoc|iPhoneSimulator.ActiveCfg = Release|x86
		{1F0BFFE7-DD89-45C6-B821-287FCF6A5F4A}.Ad-Hoc|iPhoneSimulator.Build.0 = Release|x86
		{1F0BFFE7-DD89-45C6-B821-287FCF6A5F4A}.Ad-Hoc|iPhoneSimulator.Deploy.0 = Release|x86
		{1F0BFFE7-DD89-45C6-B821-287FCF6A5F4A}.Ad-Hoc|x64.ActiveCfg = Release|x64
		{1F0BFFE7-DD89-45C6-B821-287FCF6A5F4A}.Ad-Hoc|x64.Build.0 = Release|x64
		{1F0BFFE7-DD89-45C6-B821-287FCF6A5F4A}.Ad-Hoc|x64.Deploy.0 = Release|x64
		{1F0BFFE7-DD89-45C6-B821-287FCF6A5F4A}.Ad-Hoc|x86.ActiveCfg = Release|x86
		{1F0BFFE7-DD89-45C6-B821-287FCF6A5F4A}.Ad-Hoc|x86.Build.0 = Release|x86
		{1F0BFFE7-DD89-45C6-B821-287FCF6A5F4A}.Ad-Hoc|x86.Deploy.0 = Release|x86
		{1F0BFFE7-DD89-45C6-B821-287FCF6A5F4A}.AppStore|Any CPU.ActiveCfg = Release|x86
		{1F0BFFE7-DD89-45C6-B821-287FCF6A5F4A}.AppStore|Any CPU.Build.0 = Release|x86
		{1F0BFFE7-DD89-45C6-B821-287FCF6A5F4A}.AppStore|Any CPU.Deploy.0 = Release|x86
		{1F0BFFE7-DD89-45C6-B821-287FCF6A5F4A}.AppStore|ARM.ActiveCfg = Release|ARM
		{1F0BFFE7-DD89-45C6-B821-287FCF6A5F4A}.AppStore|ARM.Build.0 = Release|ARM
		{1F0BFFE7-DD89-45C6-B821-287FCF6A5F4A}.AppStore|ARM.Deploy.0 = Release|ARM
		{1F0BFFE7-DD89-45C6-B821-287FCF6A5F4A}.AppStore|iPhone.ActiveCfg = Release|x86
		{1F0BFFE7-DD89-45C6-B821-287FCF6A5F4A}.AppStore|iPhone.Build.0 = Release|x86
		{1F0BFFE7-DD89-45C6-B821-287FCF6A5F4A}.AppStore|iPhone.Deploy.0 = Release|x86
		{1F0BFFE7-DD89-45C6-B821-287FCF6A5F4A}.AppStore|iPhoneSimulator.ActiveCfg = Release|x86
		{1F0BFFE7-DD89-45C6-B821-287FCF6A5F4A}.AppStore|iPhoneSimulator.Build.0 = Release|x86
		{1F0BFFE7-DD89-45C6-B821-287FCF6A5F4A}.AppStore|iPhoneSimulator.Deploy.0 = Release|x86
		{1F0BFFE7-DD89-45C6-B821-287FCF6A5F4A}.AppStore|x64.ActiveCfg = Release|x64
		{1F0BFFE7-DD89-45C6-B821-287FCF6A5F4A}.AppStore|x64.Build.0 = Release|x64
		{1F0BFFE7-DD89-45C6-B821-287FCF6A5F4A}.AppStore|x64.Deploy.0 = Release|x64
		{1F0BFFE7-DD89-45C6-B821-287FCF6A5F4A}.AppStore|x86.ActiveCfg = Release|x86
		{1F0BFFE7-DD89-45C6-B821-287FCF6A5F4A}.AppStore|x86.Build.0 = Release|x86
		{1F0BFFE7-DD89-45C6-B821-287FCF6A5F4A}.AppStore|x86.Deploy.0 = Release|x86
		{1F0BFFE7-DD89-45C6-B821-287FCF6A5F4A}.Debug|Any CPU.ActiveCfg = Debug|x86
		{1F0BFFE7-DD89-45C6-B821-287FCF6A5F4A}.Debug|ARM.ActiveCfg = Debug|ARM
		{1F0BFFE7-DD89-45C6-B821-287FCF6A5F4A}.Debug|ARM.Build.0 = Debug|ARM
		{1F0BFFE7-DD89-45C6-B821-287FCF6A5F4A}.Debug|ARM.Deploy.0 = Debug|ARM
		{1F0BFFE7-DD89-45C6-B821-287FCF6A5F4A}.Debug|iPhone.ActiveCfg = Debug|x86
		{1F0BFFE7-DD89-45C6-B821-287FCF6A5F4A}.Debug|iPhoneSimulator.ActiveCfg = Debug|x86
		{1F0BFFE7-DD89-45C6-B821-287FCF6A5F4A}.Debug|x64.ActiveCfg = Debug|x64
		{1F0BFFE7-DD89-45C6-B821-287FCF6A5F4A}.Debug|x64.Build.0 = Debug|x64
		{1F0BFFE7-DD89-45C6-B821-287FCF6A5F4A}.Debug|x64.Deploy.0 = Debug|x64
		{1F0BFFE7-DD89-45C6-B821-287FCF6A5F4A}.Debug|x86.ActiveCfg = Debug|x86
		{1F0BFFE7-DD89-45C6-B821-287FCF6A5F4A}.Debug|x86.Build.0 = Debug|x86
		{1F0BFFE7-DD89-45C6-B821-287FCF6A5F4A}.Debug|x86.Deploy.0 = Debug|x86
		{1F0BFFE7-DD89-45C6-B821-287FCF6A5F4A}.Release|Any CPU.ActiveCfg = Release|x86
		{1F0BFFE7-DD89-45C6-B821-287FCF6A5F4A}.Release|ARM.ActiveCfg = Release|ARM
		{1F0BFFE7-DD89-45C6-B821-287FCF6A5F4A}.Release|ARM.Build.0 = Release|ARM
		{1F0BFFE7-DD89-45C6-B821-287FCF6A5F4A}.Release|ARM.Deploy.0 = Release|ARM
		{1F0BFFE7-DD89-45C6-B821-287FCF6A5F4A}.Release|iPhone.ActiveCfg = Release|x86
		{1F0BFFE7-DD89-45C6-B821-287FCF6A5F4A}.Release|iPhoneSimulator.ActiveCfg = Release|x86
		{1F0BFFE7-DD89-45C6-B821-287FCF6A5F4A}.Release|x64.ActiveCfg = Release|x64
		{1F0BFFE7-DD89-45C6-B821-287FCF6A5F4A}.Release|x64.Build.0 = Release|x64
		{1F0BFFE7-DD89-45C6-B821-287FCF6A5F4A}.Release|x64.Deploy.0 = Release|x64
		{1F0BFFE7-DD89-45C6-B821-287FCF6A5F4A}.Release|x86.ActiveCfg = Release|x86
		{1F0BFFE7-DD89-45C6-B821-287FCF6A5F4A}.Release|x86.Build.0 = Release|x86
		{1F0BFFE7-DD89-45C6-B821-287FCF6A5F4A}.Release|x86.Deploy.0 = Release|x86
		{F306DF0A-1D2A-4ECF-A6FF-92C047BC2D2D}.Ad-Hoc|Any CPU.ActiveCfg = Debug|Any CPU
		{F306DF0A-1D2A-4ECF-A6FF-92C047BC2D2D}.Ad-Hoc|Any CPU.Build.0 = Debug|Any CPU
		{F306DF0A-1D2A-4ECF-A6FF-92C047BC2D2D}.Ad-Hoc|ARM.ActiveCfg = Debug|Any CPU
		{F306DF0A-1D2A-4ECF-A6FF-92C047BC2D2D}.Ad-Hoc|ARM.Build.0 = Debug|Any CPU
		{F306DF0A-1D2A-4ECF-A6FF-92C047BC2D2D}.Ad-Hoc|iPhone.ActiveCfg = Debug|Any CPU
		{F306DF0A-1D2A-4ECF-A6FF-92C047BC2D2D}.Ad-Hoc|iPhone.Build.0 = Debug|Any CPU
		{F306DF0A-1D2A-4ECF-A6FF-92C047BC2D2D}.Ad-Hoc|iPhoneSimulator.ActiveCfg = Debug|Any CPU
		{F306DF0A-1D2A-4ECF-A6FF-92C047BC2D2D}.Ad-Hoc|iPhoneSimulator.Build.0 = Debug|Any CPU
		{F306DF0A-1D2A-4ECF-A6FF-92C047BC2D2D}.Ad-Hoc|x64.ActiveCfg = Debug|Any CPU
		{F306DF0A-1D2A-4ECF-A6FF-92C047BC2D2D}.Ad-Hoc|x64.Build.0 = Debug|Any CPU
		{F306DF0A-1D2A-4ECF-A6FF-92C047BC2D2D}.Ad-Hoc|x86.ActiveCfg = Debug|Any CPU
		{F306DF0A-1D2A-4ECF-A6FF-92C047BC2D2D}.Ad-Hoc|x86.Build.0 = Debug|Any CPU
		{F306DF0A-1D2A-4ECF-A6FF-92C047BC2D2D}.AppStore|Any CPU.ActiveCfg = Debug|Any CPU
		{F306DF0A-1D2A-4ECF-A6FF-92C047BC2D2D}.AppStore|Any CPU.Build.0 = Debug|Any CPU
		{F306DF0A-1D2A-4ECF-A6FF-92C047BC2D2D}.AppStore|ARM.ActiveCfg = Debug|Any CPU
		{F306DF0A-1D2A-4ECF-A6FF-92C047BC2D2D}.AppStore|ARM.Build.0 = Debug|Any CPU
		{F306DF0A-1D2A-4ECF-A6FF-92C047BC2D2D}.AppStore|iPhone.ActiveCfg = Debug|Any CPU
		{F306DF0A-1D2A-4ECF-A6FF-92C047BC2D2D}.AppStore|iPhone.Build.0 = Debug|Any CPU
		{F306DF0A-1D2A-4ECF-A6FF-92C047BC2D2D}.AppStore|iPhoneSimulator.ActiveCfg = Debug|Any CPU
		{F306DF0A-1D2A-4ECF-A6FF-92C047BC2D2D}.AppStore|iPhoneSimulator.Build.0 = Debug|Any CPU
		{F306DF0A-1D2A-4ECF-A6FF-92C047BC2D2D}.AppStore|x64.ActiveCfg = Debug|Any CPU
		{F306DF0A-1D2A-4ECF-A6FF-92C047BC2D2D}.AppStore|x64.Build.0 = Debug|Any CPU
		{F306DF0A-1D2A-4ECF-A6FF-92C047BC2D2D}.AppStore|x86.ActiveCfg = Debug|Any CPU
		{F306DF0A-1D2A-4ECF-A6FF-92C047BC2D2D}.AppStore|x86.Build.0 = Debug|Any CPU
		{F306DF0A-1D2A-4ECF-A6FF-92C047BC2D2D}.Debug|Any CPU.ActiveCfg = Debug|Any CPU
		{F306DF0A-1D2A-4ECF-A6FF-92C047BC2D2D}.Debug|Any CPU.Build.0 = Debug|Any CPU
		{F306DF0A-1D2A-4ECF-A6FF-92C047BC2D2D}.Debug|ARM.ActiveCfg = Debug|Any CPU
		{F306DF0A-1D2A-4ECF-A6FF-92C047BC2D2D}.Debug|ARM.Build.0 = Debug|Any CPU
		{F306DF0A-1D2A-4ECF-A6FF-92C047BC2D2D}.Debug|iPhone.ActiveCfg = Debug|Any CPU
		{F306DF0A-1D2A-4ECF-A6FF-92C047BC2D2D}.Debug|iPhone.Build.0 = Debug|Any CPU
		{F306DF0A-1D2A-4ECF-A6FF-92C047BC2D2D}.Debug|iPhoneSimulator.ActiveCfg = Debug|Any CPU
		{F306DF0A-1D2A-4ECF-A6FF-92C047BC2D2D}.Debug|iPhoneSimulator.Build.0 = Debug|Any CPU
		{F306DF0A-1D2A-4ECF-A6FF-92C047BC2D2D}.Debug|x64.ActiveCfg = Debug|Any CPU
		{F306DF0A-1D2A-4ECF-A6FF-92C047BC2D2D}.Debug|x64.Build.0 = Debug|Any CPU
		{F306DF0A-1D2A-4ECF-A6FF-92C047BC2D2D}.Debug|x86.ActiveCfg = Debug|Any CPU
		{F306DF0A-1D2A-4ECF-A6FF-92C047BC2D2D}.Debug|x86.Build.0 = Debug|Any CPU
		{F306DF0A-1D2A-4ECF-A6FF-92C047BC2D2D}.Release|Any CPU.ActiveCfg = Release|Any CPU
		{F306DF0A-1D2A-4ECF-A6FF-92C047BC2D2D}.Release|Any CPU.Build.0 = Release|Any CPU
		{F306DF0A-1D2A-4ECF-A6FF-92C047BC2D2D}.Release|ARM.ActiveCfg = Release|Any CPU
		{F306DF0A-1D2A-4ECF-A6FF-92C047BC2D2D}.Release|ARM.Build.0 = Release|Any CPU
		{F306DF0A-1D2A-4ECF-A6FF-92C047BC2D2D}.Release|iPhone.ActiveCfg = Release|Any CPU
		{F306DF0A-1D2A-4ECF-A6FF-92C047BC2D2D}.Release|iPhone.Build.0 = Release|Any CPU
		{F306DF0A-1D2A-4ECF-A6FF-92C047BC2D2D}.Release|iPhoneSimulator.ActiveCfg = Release|Any CPU
		{F306DF0A-1D2A-4ECF-A6FF-92C047BC2D2D}.Release|iPhoneSimulator.Build.0 = Release|Any CPU
		{F306DF0A-1D2A-4ECF-A6FF-92C047BC2D2D}.Release|x64.ActiveCfg = Release|Any CPU
		{F306DF0A-1D2A-4ECF-A6FF-92C047BC2D2D}.Release|x64.Build.0 = Release|Any CPU
		{F306DF0A-1D2A-4ECF-A6FF-92C047BC2D2D}.Release|x86.ActiveCfg = Release|Any CPU
		{F306DF0A-1D2A-4ECF-A6FF-92C047BC2D2D}.Release|x86.Build.0 = Release|Any CPU
	EndGlobalSection
	GlobalSection(SolutionProperties) = preSolution
		HideSolutionNode = FALSE
	EndGlobalSection
	GlobalSection(ExtensibilityGlobals) = postSolution
		SolutionGuid = {A87E8003-540D-46B8-860D-A6722224FDE6}
	EndGlobalSection
EndGlobal
